// !$*UTF8*$!
{
	archiveVersion = 1;
	classes = {
	};
	objectVersion = 50;
	objects = {

/* Begin PBXBuildFile section */
		542137B023CE40D100C83D47 /* AppDelegate.swift in Sources */ = {isa = PBXBuildFile; fileRef = 542137AF23CE40D100C83D47 /* AppDelegate.swift */; };
		542137B223CE40D100C83D47 /* SceneDelegate.swift in Sources */ = {isa = PBXBuildFile; fileRef = 542137B123CE40D100C83D47 /* SceneDelegate.swift */; };
		542137B423CE40D100C83D47 /* ViewController.swift in Sources */ = {isa = PBXBuildFile; fileRef = 542137B323CE40D100C83D47 /* ViewController.swift */; };
		542137B723CE40D100C83D47 /* Main.storyboard in Resources */ = {isa = PBXBuildFile; fileRef = 542137B523CE40D100C83D47 /* Main.storyboard */; };
		542137B923CE40D300C83D47 /* Assets.xcassets in Resources */ = {isa = PBXBuildFile; fileRef = 542137B823CE40D300C83D47 /* Assets.xcassets */; };
		542137BC23CE40D300C83D47 /* LaunchScreen.storyboard in Resources */ = {isa = PBXBuildFile; fileRef = 542137BA23CE40D300C83D47 /* LaunchScreen.storyboard */; };
/* End PBXBuildFile section */

/* Begin PBXFileReference section */
		542137AC23CE40D100C83D47 /* baitapbuoi7.app */ = {isa = PBXFileReference; explicitFileType = wrapper.application; includeInIndex = 0; path = baitapbuoi7.app; sourceTree = BUILT_PRODUCTS_DIR; };
		542137AF23CE40D100C83D47 /* AppDelegate.swift */ = {isa = PBXFileReference; lastKnownFileType = sourcecode.swift; path = AppDelegate.swift; sourceTree = "<group>"; };
		542137B123CE40D100C83D47 /* SceneDelegate.swift */ = {isa = PBXFileReference; lastKnownFileType = sourcecode.swift; path = SceneDelegate.swift; sourceTree = "<group>"; };
		542137B323CE40D100C83D47 /* ViewController.swift */ = {isa = PBXFileReference; lastKnownFileType = sourcecode.swift; path = ViewController.swift; sourceTree = "<group>"; };
		542137B623CE40D100C83D47 /* Base */ = {isa = PBXFileReference; lastKnownFileType = file.storyboard; name = Base; path = Base.lproj/Main.storyboard; sourceTree = "<group>"; };
		542137B823CE40D300C83D47 /* Assets.xcassets */ = {isa = PBXFileReference; lastKnownFileType = folder.assetcatalog; path = Assets.xcassets; sourceTree = "<group>"; };
		542137BB23CE40D300C83D47 /* Base */ = {isa = PBXFileReference; lastKnownFileType = file.storyboard; name = Base; path = Base.lproj/LaunchScreen.storyboard; sourceTree = "<group>"; };
		542137BD23CE40D300C83D47 /* Info.plist */ = {isa = PBXFileReference; lastKnownFileType = text.plist.xml; path = Info.plist; sourceTree = "<group>"; };
/* End PBXFileReference section */

/* Begin PBXFrameworksBuildPhase section */
		542137A923CE40D100C83D47 /* Frameworks */ = {
			isa = PBXFrameworksBuildPhase;
			buildActionMask = 2147483647;
			files = (
			);
			runOnlyForDeploymentPostprocessing = 0;
		};
/* End PBXFrameworksBuildPhase section */

/* Begin PBXGroup section */
		542137A323CE40D100C83D47 = {
			isa = PBXGroup;
			children = (
				542137AE23CE40D100C83D47 /* baitapbuoi7 */,
				542137AD23CE40D100C83D47 /* Products */,
			);
			sourceTree = "<group>";
		};
		542137AD23CE40D100C83D47 /* Products */ = {
			isa = PBXGroup;
			children = (
				542137AC23CE40D100C83D47 /* baitapbuoi7.app */,
			);
			name = Products;
			sourceTree = "<group>";
		};
		542137AE23CE40D100C83D47 /* baitapbuoi7 */ = {
			isa = PBXGroup;
			children = (
				542137AF23CE40D100C83D47 /* AppDelegate.swift */,
				542137B123CE40D100C83D47 /* SceneDelegate.swift */,
				542137B323CE40D100C83D47 /* ViewController.swift */,
				542137B523CE40D100C83D47 /* Main.storyboard */,
				542137B823CE40D300C83D47 /* Assets.xcassets */,
				542137BA23CE40D300C83D47 /* LaunchScreen.storyboard */,
				542137BD23CE40D300C83D47 /* Info.plist */,
			);
			path = baitapbuoi7;
			sourceTree = "<group>";
		};
/* End PBXGroup section */

/* Begin PBXNativeTarget section */
		542137AB23CE40D100C83D47 /* baitapbuoi7 */ = {
			isa = PBXNativeTarget;
			buildConfigurationList = 542137C023CE40D300C83D47 /* Build configuration list for PBXNativeTarget "baitapbuoi7" */;
			buildPhases = (
				542137A823CE40D100C83D47 /* Sources */,
				542137A923CE40D100C83D47 /* Frameworks */,
				542137AA23CE40D100C83D47 /* Resources */,
			);
			buildRules = (
			);
			dependencies = (
			);
			name = baitapbuoi7;
			productName = baitapbuoi7;
			productReference = 542137AC23CE40D100C83D47 /* baitapbuoi7.app */;
			productType = "com.apple.product-type.application";
		};
/* End PBXNativeTarget section */

/* Begin PBXProject section */
		542137A423CE40D100C83D47 /* Project object */ = {
			isa = PBXProject;
			attributes = {
				LastSwiftUpdateCheck = 1130;
				LastUpgradeCheck = 1130;
				ORGANIZATIONNAME = Toan;
				TargetAttributes = {
					542137AB23CE40D100C83D47 = {
						CreatedOnToolsVersion = 11.3;
					};
				};
			};
			buildConfigurationList = 542137A723CE40D100C83D47 /* Build configuration list for PBXProject "baitapbuoi7" */;
			compatibilityVersion = "Xcode 9.3";
			developmentRegion = en;
			hasScannedForEncodings = 0;
			knownRegions = (
				en,
				Base,
			);
			mainGroup = 542137A323CE40D100C83D47;
			productRefGroup = 542137AD23CE40D100C83D47 /* Products */;
			projectDirPath = "";
			projectRoot = "";
			targets = (
				542137AB23CE40D100C83D47 /* baitapbuoi7 */,
			);
		};
/* End PBXProject section */

/* Begin PBXResourcesBuildPhase section */
		542137AA23CE40D100C83D47 /* Resources */ = {
			isa = PBXResourcesBuildPhase;
			buildActionMask = 2147483647;
			files = (
				542137BC23CE40D300C83D47 /* LaunchScreen.storyboard in Resources */,
				542137B923CE40D300C83D47 /* Assets.xcassets in Resources */,
				542137B723CE40D100C83D47 /* Main.storyboard in Resources */,
			);
			runOnlyForDeploymentPostprocessing = 0;
		};
/* End PBXResourcesBuildPhase section */

/* Begin PBXSourcesBuildPhase section */
		542137A823CE40D100C83D47 /* Sources */ = {
			isa = PBXSourcesBuildPhase;
			buildActionMask = 2147483647;
			files = (
				542137B423CE40D100C83D47 /* ViewController.swift in Sources */,
				542137B023CE40D100C83D47 /* AppDelegate.swift in Sources */,
				542137B223CE40D100C83D47 /* SceneDelegate.swift in Sources */,
			);
			runOnlyForDeploymentPostprocessing = 0;
		};
/* End PBXSourcesBuildPhase section */

/* Begin PBXVariantGroup section */
		542137B523CE40D100C83D47 /* Main.storyboard */ = {
			isa = PBXVariantGroup;
			children = (
				542137B623CE40D100C83D47 /* Base */,
			);
			name = Main.storyboard;
			sourceTree = "<group>";
		};
		542137BA23CE40D300C83D47 /* LaunchScreen.storyboard */ = {
			isa = PBXVariantGroup;
			children = (
				542137BB23CE40D300C83D47 /* Base */,
			);
			name = LaunchScreen.storyboard;
			sourceTree = "<group>";
		};
/* End PBXVariantGroup section */

/* Begin XCBuildConfiguration section */
		542137BE23CE40D300C83D47 /* Debug */ = {
			isa = XCBuildConfiguration;
			buildSettings = {
				ALWAYS_SEARCH_USER_PATHS = NO;
				CLANG_ANALYZER_NONNULL = YES;
				CLANG_ANALYZER_NUMBER_OBJECT_CONVERSION = YES_AGGRESSIVE;
				CLANG_CXX_LANGUAGE_STANDARD = "gnu++14";
				CLANG_CXX_LIBRARY = "libc++";
				CLANG_ENABLE_MODULES = YES;
				CLANG_ENABLE_OBJC_ARC = YES;
				CLANG_ENABLE_OBJC_WEAK = YES;
				CLANG_WARN_BLOCK_CAPTURE_AUTORELEASING = YES;
				CLANG_WARN_BOOL_CONVERSION = YES;
				CLANG_WARN_COMMA = YES;
				CLANG_WARN_CONSTANT_CONVERSION = YES;
				CLANG_WARN_DEPRECATED_OBJC_IMPLEMENTATIONS = YES;
				CLANG_WARN_DIRECT_OBJC_ISA_USAGE = YES_ERROR;
				CLANG_WARN_DOCUMENTATION_COMMENTS = YES;
				CLANG_WARN_EMPTY_BODY = YES;
				CLANG_WARN_ENUM_CONVERSION = YES;
				CLANG_WARN_INFINITE_RECURSION = YES;
				CLANG_WARN_INT_CONVERSION = YES;
				CLANG_WARN_NON_LITERAL_NULL_CONVERSION = YES;
				CLANG_WARN_OBJC_IMPLICIT_RETAIN_SELF = YES;
				CLANG_WARN_OBJC_LITERAL_CONVERSION = YES;
				CLANG_WARN_OBJC_ROOT_CLASS = YES_ERROR;
				CLANG_WARN_RANGE_LOOP_ANALYSIS = YES;
				CLANG_WARN_STRICT_PROTOTYPES = YES;
				CLANG_WARN_SUSPICIOUS_MOVE = YES;
				CLANG_WARN_UNGUARDED_AVAILABILITY = YES_AGGRESSIVE;
				CLANG_WARN_UNREACHABLE_CODE = YES;
				CLANG_WARN__DUPLICATE_METHOD_MATCH = YES;
				COPY_PHASE_STRIP = NO;
				DEBUG_INFORMATION_FORMAT = dwarf;
				ENABLE_STRICT_OBJC_MSGSEND = YES;
				ENABLE_TESTABILITY = YES;
				GCC_C_LANGUAGE_STANDARD = gnu11;
				GCC_DYNAMIC_NO_PIC = NO;
				GCC_NO_COMMON_BLOCKS = YES;
				GCC_OPTIMIZATION_LEVEL = 0;
				GCC_PREPROCESSOR_DEFINITIONS = (
					"DEBUG=1",
					"$(inherited)",
				);
				GCC_WARN_64_TO_32_BIT_CONVERSION = YES;
				GCC_WARN_ABOUT_RETURN_TYPE = YES_ERROR;
				GCC_WARN_UNDECLARED_SELECTOR = YES;
				GCC_WARN_UNINITIALIZED_AUTOS = YES_AGGRESSIVE;
				GCC_WARN_UNUSED_FUNCTION = YES;
				GCC_WARN_UNUSED_VARIABLE = YES;
				IPHONEOS_DEPLOYMENT_TARGET = 13.2;
				MTL_ENABLE_DEBUG_INFO = INCLUDE_SOURCE;
				MTL_FAST_MATH = YES;
				ONLY_ACTIVE_ARCH = YES;
				SDKROOT = iphoneos;
				SWIFT_ACTIVE_COMPILATION_CONDITIONS = DEBUG;
				SWIFT_OPTIMIZATION_LEVEL = "-Onone";
			};
			name = Debug;
		};
		542137BF23CE40D300C83D47 /* Release */ = {
			isa = XCBuildConfiguration;
			buildSettings = {
				ALWAYS_SEARCH_USER_PATHS = NO;
				CLANG_ANALYZER_NONNULL = YES;
				CLANG_ANALYZER_NUMBER_OBJECT_CONVERSION = YES_AGGRESSIVE;
				CLANG_CXX_LANGUAGE_STANDARD = "gnu++14";
				CLANG_CXX_LIBRARY = "libc++";
				CLANG_ENABLE_MODULES = YES;
				CLANG_ENABLE_OBJC_ARC = YES;
				CLANG_ENABLE_OBJC_WEAK = YES;
				CLANG_WARN_BLOCK_CAPTURE_AUTORELEASING = YES;
				CLANG_WARN_BOOL_CONVERSION = YES;
				CLANG_WARN_COMMA = YES;
				CLANG_WARN_CONSTANT_CONVERSION = YES;
				CLANG_WARN_DEPRECATED_OBJC_IMPLEMENTATIONS = YES;
				CLANG_WARN_DIRECT_OBJC_ISA_USAGE = YES_ERROR;
				CLANG_WARN_DOCUMENTATION_COMMENTS = YES;
				CLANG_WARN_EMPTY_BODY = YES;
				CLANG_WARN_ENUM_CONVERSION = YES;
				CLANG_WARN_INFINITE_RECURSION = YES;
				CLANG_WARN_INT_CONVERSION = YES;
				CLANG_WARN_NON_LITERAL_NULL_CONVERSION = YES;
				CLANG_WARN_OBJC_IMPLICIT_RETAIN_SELF = YES;
				CLANG_WARN_OBJC_LITERAL_CONVERSION = YES;
				CLANG_WARN_OBJC_ROOT_CLASS = YES_ERROR;
				CLANG_WARN_RANGE_LOOP_ANALYSIS = YES;
				CLANG_WARN_STRICT_PROTOTYPES = YES;
				CLANG_WARN_SUSPICIOUS_MOVE = YES;
				CLANG_WARN_UNGUARDED_AVAILABILITY = YES_AGGRESSIVE;
				CLANG_WARN_UNREACHABLE_CODE = YES;
				CLANG_WARN__DUPLICATE_METHOD_MATCH = YES;
				COPY_PHASE_STRIP = NO;
				DEBUG_INFORMATION_FORMAT = "dwarf-with-dsym";
				ENABLE_NS_ASSERTIONS = NO;
				ENABLE_STRICT_OBJC_MSGSEND = YES;
				GCC_C_LANGUAGE_STANDARD = gnu11;
				GCC_NO_COMMON_BLOCKS = YES;
				GCC_WARN_64_TO_32_BIT_CONVERSION = YES;
				GCC_WARN_ABOUT_RETURN_TYPE = YES_ERROR;
				GCC_WARN_UNDECLARED_SELECTOR = YES;
				GCC_WARN_UNINITIALIZED_AUTOS = YES_AGGRESSIVE;
				GCC_WARN_UNUSED_FUNCTION = YES;
				GCC_WARN_UNUSED_VARIABLE = YES;
				IPHONEOS_DEPLOYMENT_TARGET = 13.2;
				MTL_ENABLE_DEBUG_INFO = NO;
				MTL_FAST_MATH = YES;
				SDKROOT = iphoneos;
				SWIFT_COMPILATION_MODE = wholemodule;
				SWIFT_OPTIMIZATION_LEVEL = "-O";
				VALIDATE_PRODUCT = YES;
			};
			name = Release;
		};
		542137C123CE40D300C83D47 /* Debug */ = {
			isa = XCBuildConfiguration;
			buildSettings = {
				ASSETCATALOG_COMPILER_APPICON_NAME = AppIcon;
				CODE_SIGN_STYLE = Automatic;
				INFOPLIST_FILE = baitapbuoi7/Info.plist;
				LD_RUNPATH_SEARCH_PATHS = (
					"$(inherited)",
					"@executable_path/Frameworks",
				);
				PRODUCT_BUNDLE_IDENTIFIER = com.toannguyen.baitapbuoi7;
				PRODUCT_NAME = "$(TARGET_NAME)";
				SWIFT_VERSION = 5.0;
				TARGETED_DEVICE_FAMILY = "1,2";
			};
			name = Debug;
		};
		542137C223CE40D300C83D47 /* Release */ = {
			isa = XCBuildConfiguration;
			buildSettings = {
				ASSETCATALOG_COMPILER_APPICON_NAME = AppIcon;
				CODE_SIGN_STYLE = Automatic;
				INFOPLIST_FILE = baitapbuoi7/Info.plist;
				LD_RUNPATH_SEARCH_PATHS = (
					"$(inherited)",
					"@executable_path/Frameworks",
				);
				PRODUCT_BUNDLE_IDENTIFIER = com.toannguyen.baitapbuoi7;
				PRODUCT_NAME = "$(TARGET_NAME)";
				SWIFT_VERSION = 5.0;
				TARGETED_DEVICE_FAMILY = "1,2";
			};
			name = Release;
		};
/* End XCBuildConfiguration section */

/* Begin XCConfigurationList section */
		542137A723CE40D100C83D47 /* Build configuration list for PBXProject "baitapbuoi7" */ = {
			isa = XCConfigurationList;
			buildConfigurations = (
				542137BE23CE40D300C83D47 /* Debug */,
				542137BF23CE40D300C83D47 /* Release */,
			);
			defaultConfigurationIsVisible = 0;
			defaultConfigurationName = Release;
		};
		542137C023CE40D300C83D47 /* Build configuration list for PBXNativeTarget "baitapbuoi7" */ = {
			isa = XCConfigurationList;
			buildConfigurations = (
				542137C123CE40D300C83D47 /* Debug */,
				542137C223CE40D300C83D47 /* Release */,
			);
			defaultConfigurationIsVisible = 0;
			defaultConfigurationName = Release;
		};
/* End XCConfigurationList section */
	};
	rootObject = 542137A423CE40D100C83D47 /* Project object */;
}
